
Microsoft Visual Studio Solution File, Format Version 12.00
# Visual Studio Version 17
VisualStudioVersion = 17.13.35825.156 d17.13
MinimumVisualStudioVersion = 10.0.40219.1
Project("{FAE04EC0-301F-11D3-BF4B-00C04F79EFBC}") = "Parcial-PWA", "Parcial-PWA.csproj", "{C22B4CFE-D8D1-4D7B-A74D-0C2E99643BDF}"
EndProject
Global
	GlobalSection(SolutionConfigurationPlatforms) = preSolution
		Debug|Any CPU = Debug|Any CPU
		Release|Any CPU = Release|Any CPU
	EndGlobalSection
	GlobalSection(ProjectConfigurationPlatforms) = postSolution
		{C22B4CFE-D8D1-4D7B-A74D-0C2E99643BDF}.Debug|Any CPU.ActiveCfg = Debug|Any CPU
		{C22B4CFE-D8D1-4D7B-A74D-0C2E99643BDF}.Debug|Any CPU.Build.0 = Debug|Any CPU
		{C22B4CFE-D8D1-4D7B-A74D-0C2E99643BDF}.Release|Any CPU.ActiveCfg = Release|Any CPU
		{C22B4CFE-D8D1-4D7B-A74D-0C2E99643BDF}.Release|Any CPU.Build.0 = Release|Any CPU
	EndGlobalSection
	GlobalSection(SolutionProperties) = preSolution
		HideSolutionNode = FALSE
	EndGlobalSection
	GlobalSection(ExtensibilityGlobals) = postSolution
		SolutionGuid = {82EDD19B-7CBA-4581-B74A-91325022D7C0}
	EndGlobalSection
EndGlobal
